// !$*UTF8*$!
{
	archiveVersion = 1;
	classes = {
	};
	objectVersion = 48;
	objects = {

/* Begin PBXBuildFile section */
		19F180D63083D7133A2C26B3 /* Pods_PrimerProyectoTests.framework in Frameworks */ = {isa = PBXBuildFile; fileRef = 6EFA236C1A93B0196C840298 /* Pods_PrimerProyectoTests.framework */; };
		5AFAF3728FAC9A0B0F37774C /* Pods_PrimerProyecto.framework in Frameworks */ = {isa = PBXBuildFile; fileRef = 0487763DEB9215E635513E75 /* Pods_PrimerProyecto.framework */; };
		C6D3B03C7F5B3053297994AB /* Pods_PrimerProyectoUITests.framework in Frameworks */ = {isa = PBXBuildFile; fileRef = D6F1F0B899504755E6E9D661 /* Pods_PrimerProyectoUITests.framework */; };
		DD00D22A207F892E0044F54C /* Perfil.swift in Sources */ = {isa = PBXBuildFile; fileRef = DD00D229207F892E0044F54C /* Perfil.swift */; };
		DD0479A020764088005F3168 /* MiCelda1.swift in Sources */ = {isa = PBXBuildFile; fileRef = DD04799F20764088005F3168 /* MiCelda1.swift */; };
		DD0479A2207647F6005F3168 /* VCCollectionViewController.swift in Sources */ = {isa = PBXBuildFile; fileRef = DD0479A1207647F6005F3168 /* VCCollectionViewController.swift */; };
		DD0479A820765014005F3168 /* MiCelda2.swift in Sources */ = {isa = PBXBuildFile; fileRef = DD0479A720765014005F3168 /* MiCelda2.swift */; };
		DD2780B12088957B001B7A9D /* VCMapa.swift in Sources */ = {isa = PBXBuildFile; fileRef = DD2780B02088957B001B7A9D /* VCMapa.swift */; };
		DD605E6D2088B531005D24CD /* City.swift in Sources */ = {isa = PBXBuildFile; fileRef = DD605E6C2088B531005D24CD /* City.swift */; };
		DD65878E207CDBC60087E9A4 /* GoogleService-Info.plist in Resources */ = {isa = PBXBuildFile; fileRef = DD65878D207CDBC60087E9A4 /* GoogleService-Info.plist */; };
		DD658790207CE1AF0087E9A4 /* DataHolder.swift in Sources */ = {isa = PBXBuildFile; fileRef = DD65878F207CE1AF0087E9A4 /* DataHolder.swift */; };
		DD85773A207523B500F72713 /* VCPrincipal.swift in Sources */ = {isa = PBXBuildFile; fileRef = DD857739207523B500F72713 /* VCPrincipal.swift */; };
		DDA3AF43207398830095FB55 /* AppDelegate.swift in Sources */ = {isa = PBXBuildFile; fileRef = DDA3AF42207398830095FB55 /* AppDelegate.swift */; };
		DDA3AF45207398830095FB55 /* ViewController.swift in Sources */ = {isa = PBXBuildFile; fileRef = DDA3AF44207398830095FB55 /* ViewController.swift */; };
		DDA3AF48207398830095FB55 /* Main.storyboard in Resources */ = {isa = PBXBuildFile; fileRef = DDA3AF46207398830095FB55 /* Main.storyboard */; };
		DDA3AF4A207398830095FB55 /* Assets.xcassets in Resources */ = {isa = PBXBuildFile; fileRef = DDA3AF49207398830095FB55 /* Assets.xcassets */; };
		DDA3AF4D207398830095FB55 /* LaunchScreen.storyboard in Resources */ = {isa = PBXBuildFile; fileRef = DDA3AF4B207398830095FB55 /* LaunchScreen.storyboard */; };
		DDA3AF58207398830095FB55 /* PrimerProyectoTests.swift in Sources */ = {isa = PBXBuildFile; fileRef = DDA3AF57207398830095FB55 /* PrimerProyectoTests.swift */; };
		DDA3AF63207398830095FB55 /* PrimerProyectoUITests.swift in Sources */ = {isa = PBXBuildFile; fileRef = DDA3AF62207398830095FB55 /* PrimerProyectoUITests.swift */; };
		DDA3AF712073ACDA0095FB55 /* VCRegister.swift in Sources */ = {isa = PBXBuildFile; fileRef = DDA3AF702073ACDA0095FB55 /* VCRegister.swift */; };
/* End PBXBuildFile section */

/* Begin PBXContainerItemProxy section */
		DD0BC368208F540A0011602C /* PBXContainerItemProxy */ = {
			isa = PBXContainerItemProxy;
			containerPortal = DD0BC357208F54090011602C /* Pods.xcodeproj */;
			proxyType = 2;
			remoteGlobalIDString = 17E9047D1226DD9CC950535E72BD0055;
			remoteInfo = BoringSSL;
		};
		DD0BC36A208F540A0011602C /* PBXContainerItemProxy */ = {
			isa = PBXContainerItemProxy;
			containerPortal = DD0BC357208F54090011602C /* Pods.xcodeproj */;
			proxyType = 2;
			remoteGlobalIDString = 5916B90A018D206E8321E5A85A5F82A0;
			remoteInfo = GoogleToolboxForMac;
		};
		DD0BC36C208F540A0011602C /* PBXContainerItemProxy */ = {
			isa = PBXContainerItemProxy;
			containerPortal = DD0BC357208F54090011602C /* Pods.xcodeproj */;
			proxyType = 2;
			remoteGlobalIDString = 720265260D2686B06A3DEAC0884F0D4E;
			remoteInfo = gRPC;
		};
		DD0BC36E208F540A0011602C /* PBXContainerItemProxy */ = {
			isa = PBXContainerItemProxy;
			containerPortal = DD0BC357208F54090011602C /* Pods.xcodeproj */;
			proxyType = 2;
			remoteGlobalIDString = 93AE7F5D1ECF53B87536072AE30A014B;
			remoteInfo = "gRPC-Core";
		};
		DD0BC370208F540A0011602C /* PBXContainerItemProxy */ = {
			isa = PBXContainerItemProxy;
			containerPortal = DD0BC357208F54090011602C /* Pods.xcodeproj */;
			proxyType = 2;
			remoteGlobalIDString = 97F77B0674EAE5E485166F5B6B9DAFCD;
			remoteInfo = "gRPC-gRPCCertificates";
		};
		DD0BC372208F540A0011602C /* PBXContainerItemProxy */ = {
			isa = PBXContainerItemProxy;
			containerPortal = DD0BC357208F54090011602C /* Pods.xcodeproj */;
			proxyType = 2;
			remoteGlobalIDString = 074D84FD34E6832B8FEE58A7FD9C25CB;
			remoteInfo = "gRPC-ProtoRPC";
		};
		DD0BC374208F540A0011602C /* PBXContainerItemProxy */ = {
			isa = PBXContainerItemProxy;
			containerPortal = DD0BC357208F54090011602C /* Pods.xcodeproj */;
			proxyType = 2;
			remoteGlobalIDString = 71B4175D8B4949BB6F191D1261E02B01;
			remoteInfo = "gRPC-RxLibrary";
		};
		DD0BC376208F540A0011602C /* PBXContainerItemProxy */ = {
			isa = PBXContainerItemProxy;
			containerPortal = DD0BC357208F54090011602C /* Pods.xcodeproj */;
			proxyType = 2;
			remoteGlobalIDString = 78DF948D8A4C918547DA8F1E59CD0933;
			remoteInfo = GTMSessionFetcher;
		};
		DD0BC378208F540A0011602C /* PBXContainerItemProxy */ = {
			isa = PBXContainerItemProxy;
			containerPortal = DD0BC357208F54090011602C /* Pods.xcodeproj */;
			proxyType = 2;
			remoteGlobalIDString = C962C92735174C61532CBFA56CE873B9;
			remoteInfo = "leveldb-library";
		};
		DD0BC37A208F540A0011602C /* PBXContainerItemProxy */ = {
			isa = PBXContainerItemProxy;
			containerPortal = DD0BC357208F54090011602C /* Pods.xcodeproj */;
			proxyType = 2;
			remoteGlobalIDString = 268DDC2C43345F592F434323A84BA596;
			remoteInfo = nanopb;
		};
		DD0BC37C208F540A0011602C /* PBXContainerItemProxy */ = {
			isa = PBXContainerItemProxy;
			containerPortal = DD0BC357208F54090011602C /* Pods.xcodeproj */;
			proxyType = 2;
			remoteGlobalIDString = 4689570803BD811F8812C1F54F31F0F0;
			remoteInfo = "Pods-PrimerProyecto";
		};
		DD0BC37E208F540A0011602C /* PBXContainerItemProxy */ = {
			isa = PBXContainerItemProxy;
			containerPortal = DD0BC357208F54090011602C /* Pods.xcodeproj */;
			proxyType = 2;
			remoteGlobalIDString = 414C1EBDC97ACF3B6642F1687FD056A1;
			remoteInfo = "Pods-PrimerProyectoTests";
		};
		DD0BC380208F540A0011602C /* PBXContainerItemProxy */ = {
			isa = PBXContainerItemProxy;
			containerPortal = DD0BC357208F54090011602C /* Pods.xcodeproj */;
			proxyType = 2;
			remoteGlobalIDString = 29B3842019A6DE4222D68407CBD513E8;
			remoteInfo = "Pods-PrimerProyectoUITests";
		};
		DD0BC382208F540A0011602C /* PBXContainerItemProxy */ = {
			isa = PBXContainerItemProxy;
			containerPortal = DD0BC357208F54090011602C /* Pods.xcodeproj */;
			proxyType = 2;
			remoteGlobalIDString = E3D43F8C4E8B8D4C5A4B385B8471042F;
			remoteInfo = Protobuf;
		};
		DDA3AF54207398830095FB55 /* PBXContainerItemProxy */ = {
			isa = PBXContainerItemProxy;
			containerPortal = DDA3AF37207398830095FB55 /* Project object */;
			proxyType = 1;
			remoteGlobalIDString = DDA3AF3E207398830095FB55;
			remoteInfo = PrimerProyecto;
		};
		DDA3AF5F207398830095FB55 /* PBXContainerItemProxy */ = {
			isa = PBXContainerItemProxy;
			containerPortal = DDA3AF37207398830095FB55 /* Project object */;
			proxyType = 1;
			remoteGlobalIDString = DDA3AF3E207398830095FB55;
			remoteInfo = PrimerProyecto;
		};
/* End PBXContainerItemProxy section */

/* Begin PBXFileReference section */
		0487763DEB9215E635513E75 /* Pods_PrimerProyecto.framework */ = {isa = PBXFileReference; explicitFileType = wrapper.framework; includeInIndex = 0; path = Pods_PrimerProyecto.framework; sourceTree = BUILT_PRODUCTS_DIR; };
		06E29FAC247937CF31F34414 /* Pods-PrimerProyectoUITests.release.xcconfig */ = {isa = PBXFileReference; includeInIndex = 1; lastKnownFileType = text.xcconfig; name = "Pods-PrimerProyectoUITests.release.xcconfig"; path = "Pods/Target Support Files/Pods-PrimerProyectoUITests/Pods-PrimerProyectoUITests.release.xcconfig"; sourceTree = "<group>"; };
		68C1443A5F9738FCBB0067F1 /* Pods-PrimerProyecto.debug.xcconfig */ = {isa = PBXFileReference; includeInIndex = 1; lastKnownFileType = text.xcconfig; name = "Pods-PrimerProyecto.debug.xcconfig"; path = "Pods/Target Support Files/Pods-PrimerProyecto/Pods-PrimerProyecto.debug.xcconfig"; sourceTree = "<group>"; };
		6EFA236C1A93B0196C840298 /* Pods_PrimerProyectoTests.framework */ = {isa = PBXFileReference; explicitFileType = wrapper.framework; includeInIndex = 0; path = Pods_PrimerProyectoTests.framework; sourceTree = BUILT_PRODUCTS_DIR; };
		7F19F3FD17E61017DF77501F /* Pods-PrimerProyectoTests.release.xcconfig */ = {isa = PBXFileReference; includeInIndex = 1; lastKnownFileType = text.xcconfig; name = "Pods-PrimerProyectoTests.release.xcconfig"; path = "Pods/Target Support Files/Pods-PrimerProyectoTests/Pods-PrimerProyectoTests.release.xcconfig"; sourceTree = "<group>"; };
		9AD8903A2E8ADCB6E6E44B98 /* Pods-PrimerProyectoTests.debug.xcconfig */ = {isa = PBXFileReference; includeInIndex = 1; lastKnownFileType = text.xcconfig; name = "Pods-PrimerProyectoTests.debug.xcconfig"; path = "Pods/Target Support Files/Pods-PrimerProyectoTests/Pods-PrimerProyectoTests.debug.xcconfig"; sourceTree = "<group>"; };
		9D6146126A39B51F5E827E26 /* Pods-PrimerProyecto.release.xcconfig */ = {isa = PBXFileReference; includeInIndex = 1; lastKnownFileType = text.xcconfig; name = "Pods-PrimerProyecto.release.xcconfig"; path = "Pods/Target Support Files/Pods-PrimerProyecto/Pods-PrimerProyecto.release.xcconfig"; sourceTree = "<group>"; };
		B53C936FF8AAF6EEF2134D10 /* Pods-PrimerProyectoUITests.debug.xcconfig */ = {isa = PBXFileReference; includeInIndex = 1; lastKnownFileType = text.xcconfig; name = "Pods-PrimerProyectoUITests.debug.xcconfig"; path = "Pods/Target Support Files/Pods-PrimerProyectoUITests/Pods-PrimerProyectoUITests.debug.xcconfig"; sourceTree = "<group>"; };
		D6F1F0B899504755E6E9D661 /* Pods_PrimerProyectoUITests.framework */ = {isa = PBXFileReference; explicitFileType = wrapper.framework; includeInIndex = 0; path = Pods_PrimerProyectoUITests.framework; sourceTree = BUILT_PRODUCTS_DIR; };
		DD00D229207F892E0044F54C /* Perfil.swift */ = {isa = PBXFileReference; lastKnownFileType = sourcecode.swift; path = Perfil.swift; sourceTree = "<group>"; };
		DD04799F20764088005F3168 /* MiCelda1.swift */ = {isa = PBXFileReference; lastKnownFileType = sourcecode.swift; path = MiCelda1.swift; sourceTree = "<group>"; };
		DD0479A1207647F6005F3168 /* VCCollectionViewController.swift */ = {isa = PBXFileReference; lastKnownFileType = sourcecode.swift; path = VCCollectionViewController.swift; sourceTree = "<group>"; };
		DD0479A720765014005F3168 /* MiCelda2.swift */ = {isa = PBXFileReference; lastKnownFileType = sourcecode.swift; path = MiCelda2.swift; sourceTree = "<group>"; };
		DD0BC357208F54090011602C /* Pods.xcodeproj */ = {isa = PBXFileReference; lastKnownFileType = "wrapper.pb-project"; name = Pods.xcodeproj; path = Pods/Pods.xcodeproj; sourceTree = "<group>"; };
		DD2780B02088957B001B7A9D /* VCMapa.swift */ = {isa = PBXFileReference; lastKnownFileType = sourcecode.swift; path = VCMapa.swift; sourceTree = "<group>"; };
		DD605E6C2088B531005D24CD /* City.swift */ = {isa = PBXFileReference; lastKnownFileType = sourcecode.swift; path = City.swift; sourceTree = "<group>"; };
		DD65878D207CDBC60087E9A4 /* GoogleService-Info.plist */ = {isa = PBXFileReference; fileEncoding = 4; lastKnownFileType = text.plist.xml; path = "GoogleService-Info.plist"; sourceTree = "<group>"; };
		DD65878F207CE1AF0087E9A4 /* DataHolder.swift */ = {isa = PBXFileReference; lastKnownFileType = sourcecode.swift; path = DataHolder.swift; sourceTree = "<group>"; };
		DD857739207523B500F72713 /* VCPrincipal.swift */ = {isa = PBXFileReference; lastKnownFileType = sourcecode.swift; path = VCPrincipal.swift; sourceTree = "<group>"; };
		DDA3AF3F207398830095FB55 /* PrimerProyecto.app */ = {isa = PBXFileReference; explicitFileType = wrapper.application; includeInIndex = 0; path = PrimerProyecto.app; sourceTree = BUILT_PRODUCTS_DIR; };
		DDA3AF42207398830095FB55 /* AppDelegate.swift */ = {isa = PBXFileReference; lastKnownFileType = sourcecode.swift; path = AppDelegate.swift; sourceTree = "<group>"; };
		DDA3AF44207398830095FB55 /* ViewController.swift */ = {isa = PBXFileReference; lastKnownFileType = sourcecode.swift; path = ViewController.swift; sourceTree = "<group>"; };
		DDA3AF47207398830095FB55 /* Base */ = {isa = PBXFileReference; lastKnownFileType = file.storyboard; name = Base; path = Base.lproj/Main.storyboard; sourceTree = "<group>"; };
		DDA3AF49207398830095FB55 /* Assets.xcassets */ = {isa = PBXFileReference; lastKnownFileType = folder.assetcatalog; path = Assets.xcassets; sourceTree = "<group>"; };
		DDA3AF4C207398830095FB55 /* Base */ = {isa = PBXFileReference; lastKnownFileType = file.storyboard; name = Base; path = Base.lproj/LaunchScreen.storyboard; sourceTree = "<group>"; };
		DDA3AF4E207398830095FB55 /* Info.plist */ = {isa = PBXFileReference; lastKnownFileType = text.plist.xml; path = Info.plist; sourceTree = "<group>"; };
		DDA3AF53207398830095FB55 /* PrimerProyectoTests.xctest */ = {isa = PBXFileReference; explicitFileType = wrapper.cfbundle; includeInIndex = 0; path = PrimerProyectoTests.xctest; sourceTree = BUILT_PRODUCTS_DIR; };
		DDA3AF57207398830095FB55 /* PrimerProyectoTests.swift */ = {isa = PBXFileReference; lastKnownFileType = sourcecode.swift; path = PrimerProyectoTests.swift; sourceTree = "<group>"; };
		DDA3AF59207398830095FB55 /* Info.plist */ = {isa = PBXFileReference; lastKnownFileType = text.plist.xml; path = Info.plist; sourceTree = "<group>"; };
		DDA3AF5E207398830095FB55 /* PrimerProyectoUITests.xctest */ = {isa = PBXFileReference; explicitFileType = wrapper.cfbundle; includeInIndex = 0; path = PrimerProyectoUITests.xctest; sourceTree = BUILT_PRODUCTS_DIR; };
		DDA3AF62207398830095FB55 /* PrimerProyectoUITests.swift */ = {isa = PBXFileReference; lastKnownFileType = sourcecode.swift; path = PrimerProyectoUITests.swift; sourceTree = "<group>"; };
		DDA3AF64207398830095FB55 /* Info.plist */ = {isa = PBXFileReference; lastKnownFileType = text.plist.xml; path = Info.plist; sourceTree = "<group>"; };
		DDA3AF702073ACDA0095FB55 /* VCRegister.swift */ = {isa = PBXFileReference; lastKnownFileType = sourcecode.swift; path = VCRegister.swift; sourceTree = "<group>"; };
/* End PBXFileReference section */

/* Begin PBXFrameworksBuildPhase section */
		DDA3AF3C207398830095FB55 /* Frameworks */ = {
			isa = PBXFrameworksBuildPhase;
			buildActionMask = 2147483647;
			files = (
				5AFAF3728FAC9A0B0F37774C /* Pods_PrimerProyecto.framework in Frameworks */,
			);
			runOnlyForDeploymentPostprocessing = 0;
		};
		DDA3AF50207398830095FB55 /* Frameworks */ = {
			isa = PBXFrameworksBuildPhase;
			buildActionMask = 2147483647;
			files = (
				19F180D63083D7133A2C26B3 /* Pods_PrimerProyectoTests.framework in Frameworks */,
			);
			runOnlyForDeploymentPostprocessing = 0;
		};
		DDA3AF5B207398830095FB55 /* Frameworks */ = {
			isa = PBXFrameworksBuildPhase;
			buildActionMask = 2147483647;
			files = (
				C6D3B03C7F5B3053297994AB /* Pods_PrimerProyectoUITests.framework in Frameworks */,
			);
			runOnlyForDeploymentPostprocessing = 0;
		};
/* End PBXFrameworksBuildPhase section */

/* Begin PBXGroup section */
		94954D1F1A41220414DE6830 /* Pods */ = {
			isa = PBXGroup;
			children = (
				DD0BC357208F54090011602C /* Pods.xcodeproj */,
				68C1443A5F9738FCBB0067F1 /* Pods-PrimerProyecto.debug.xcconfig */,
				9D6146126A39B51F5E827E26 /* Pods-PrimerProyecto.release.xcconfig */,
				9AD8903A2E8ADCB6E6E44B98 /* Pods-PrimerProyectoTests.debug.xcconfig */,
				7F19F3FD17E61017DF77501F /* Pods-PrimerProyectoTests.release.xcconfig */,
				B53C936FF8AAF6EEF2134D10 /* Pods-PrimerProyectoUITests.debug.xcconfig */,
				06E29FAC247937CF31F34414 /* Pods-PrimerProyectoUITests.release.xcconfig */,
			);
			name = Pods;
			sourceTree = "<group>";
		};
		DBE5B87B70AADDFD8C4D1DDE /* Frameworks */ = {
			isa = PBXGroup;
			children = (
				0487763DEB9215E635513E75 /* Pods_PrimerProyecto.framework */,
				6EFA236C1A93B0196C840298 /* Pods_PrimerProyectoTests.framework */,
				D6F1F0B899504755E6E9D661 /* Pods_PrimerProyectoUITests.framework */,
			);
			name = Frameworks;
			sourceTree = "<group>";
		};
		DD0BC358208F54090011602C /* Products */ = {
			isa = PBXGroup;
			children = (
				DD0BC369208F540A0011602C /* openssl.framework */,
				DD0BC36B208F540A0011602C /* GoogleToolboxForMac.framework */,
				DD0BC36D208F540A0011602C /* GRPCClient.framework */,
				DD0BC36F208F540A0011602C /* grpc.framework */,
				DD0BC371208F540A0011602C /* gRPCCertificates.bundle */,
				DD0BC373208F540A0011602C /* ProtoRPC.framework */,
				DD0BC375208F540A0011602C /* RxLibrary.framework */,
				DD0BC377208F540A0011602C /* GTMSessionFetcher.framework */,
				DD0BC379208F540A0011602C /* leveldb.framework */,
				DD0BC37B208F540A0011602C /* nanopb.framework */,
				DD0BC37D208F540A0011602C /* Pods_PrimerProyecto.framework */,
				DD0BC37F208F540A0011602C /* Pods_PrimerProyectoTests.framework */,
				DD0BC381208F540A0011602C /* Pods_PrimerProyectoUITests.framework */,
				DD0BC383208F540A0011602C /* Protobuf.framework */,
			);
			name = Products;
			sourceTree = "<group>";
		};
		DDA3AF36207398830095FB55 = {
			isa = PBXGroup;
			children = (
				DDA3AF41207398830095FB55 /* PrimerProyecto */,
				DDA3AF56207398830095FB55 /* PrimerProyectoTests */,
				DDA3AF61207398830095FB55 /* PrimerProyectoUITests */,
				DDA3AF40207398830095FB55 /* Products */,
				94954D1F1A41220414DE6830 /* Pods */,
				DBE5B87B70AADDFD8C4D1DDE /* Frameworks */,
			);
			sourceTree = "<group>";
		};
		DDA3AF40207398830095FB55 /* Products */ = {
			isa = PBXGroup;
			children = (
				DDA3AF3F207398830095FB55 /* PrimerProyecto.app */,
				DDA3AF53207398830095FB55 /* PrimerProyectoTests.xctest */,
				DDA3AF5E207398830095FB55 /* PrimerProyectoUITests.xctest */,
			);
			name = Products;
			sourceTree = "<group>";
		};
		DDA3AF41207398830095FB55 /* PrimerProyecto */ = {
			isa = PBXGroup;
			children = (
				DD65878D207CDBC60087E9A4 /* GoogleService-Info.plist */,
				DDA3AF42207398830095FB55 /* AppDelegate.swift */,
				DDA3AF44207398830095FB55 /* ViewController.swift */,
				DDA3AF46207398830095FB55 /* Main.storyboard */,
				DDA3AF49207398830095FB55 /* Assets.xcassets */,
				DDA3AF4B207398830095FB55 /* LaunchScreen.storyboard */,
				DDA3AF4E207398830095FB55 /* Info.plist */,
				DDA3AF702073ACDA0095FB55 /* VCRegister.swift */,
				DD857739207523B500F72713 /* VCPrincipal.swift */,
				DD04799F20764088005F3168 /* MiCelda1.swift */,
				DD0479A1207647F6005F3168 /* VCCollectionViewController.swift */,
				DD0479A720765014005F3168 /* MiCelda2.swift */,
				DD65878F207CE1AF0087E9A4 /* DataHolder.swift */,
				DD00D229207F892E0044F54C /* Perfil.swift */,
				DD2780B02088957B001B7A9D /* VCMapa.swift */,
				DD605E6C2088B531005D24CD /* City.swift */,
			);
			path = PrimerProyecto;
			sourceTree = "<group>";
		};
		DDA3AF56207398830095FB55 /* PrimerProyectoTests */ = {
			isa = PBXGroup;
			children = (
				DDA3AF57207398830095FB55 /* PrimerProyectoTests.swift */,
				DDA3AF59207398830095FB55 /* Info.plist */,
			);
			path = PrimerProyectoTests;
			sourceTree = "<group>";
		};
		DDA3AF61207398830095FB55 /* PrimerProyectoUITests */ = {
			isa = PBXGroup;
			children = (
				DDA3AF62207398830095FB55 /* PrimerProyectoUITests.swift */,
				DDA3AF64207398830095FB55 /* Info.plist */,
			);
			path = PrimerProyectoUITests;
			sourceTree = "<group>";
		};
/* End PBXGroup section */

/* Begin PBXNativeTarget section */
		DDA3AF3E207398830095FB55 /* PrimerProyecto */ = {
			isa = PBXNativeTarget;
			buildConfigurationList = DDA3AF67207398830095FB55 /* Build configuration list for PBXNativeTarget "PrimerProyecto" */;
			buildPhases = (
				AADCD1782AF5B57E9C83F289 /* [CP] Check Pods Manifest.lock */,
				DDA3AF3B207398830095FB55 /* Sources */,
				DDA3AF3C207398830095FB55 /* Frameworks */,
				DDA3AF3D207398830095FB55 /* Resources */,
				8097D88E29BFA22449BF4A17 /* [CP] Embed Pods Frameworks */,
				1DEB86D1BA736FDA116DA980 /* [CP] Copy Pods Resources */,
			);
			buildRules = (
			);
			dependencies = (
			);
			name = PrimerProyecto;
			productName = PrimerProyecto;
			productReference = DDA3AF3F207398830095FB55 /* PrimerProyecto.app */;
			productType = "com.apple.product-type.application";
		};
		DDA3AF52207398830095FB55 /* PrimerProyectoTests */ = {
			isa = PBXNativeTarget;
			buildConfigurationList = DDA3AF6A207398830095FB55 /* Build configuration list for PBXNativeTarget "PrimerProyectoTests" */;
			buildPhases = (
				9BCD1AEE3DEF847D5D1F4C62 /* [CP] Check Pods Manifest.lock */,
				DDA3AF4F207398830095FB55 /* Sources */,
				DDA3AF50207398830095FB55 /* Frameworks */,
				DDA3AF51207398830095FB55 /* Resources */,
				A2BDE9DFAEC097E7A7D91918 /* [CP] Embed Pods Frameworks */,
				7DD99E2B09CA7D7BC43A4F1F /* [CP] Copy Pods Resources */,
			);
			buildRules = (
			);
			dependencies = (
				DDA3AF55207398830095FB55 /* PBXTargetDependency */,
			);
			name = PrimerProyectoTests;
			productName = PrimerProyectoTests;
			productReference = DDA3AF53207398830095FB55 /* PrimerProyectoTests.xctest */;
			productType = "com.apple.product-type.bundle.unit-test";
		};
		DDA3AF5D207398830095FB55 /* PrimerProyectoUITests */ = {
			isa = PBXNativeTarget;
			buildConfigurationList = DDA3AF6D207398830095FB55 /* Build configuration list for PBXNativeTarget "PrimerProyectoUITests" */;
			buildPhases = (
				11CAEE2C309A239A034766E4 /* [CP] Check Pods Manifest.lock */,
				DDA3AF5A207398830095FB55 /* Sources */,
				DDA3AF5B207398830095FB55 /* Frameworks */,
				DDA3AF5C207398830095FB55 /* Resources */,
				35560D31A912C38B4AF5F403 /* [CP] Embed Pods Frameworks */,
				ECB7543B36E99AFDF36A82E0 /* [CP] Copy Pods Resources */,
			);
			buildRules = (
			);
			dependencies = (
				DDA3AF60207398830095FB55 /* PBXTargetDependency */,
			);
			name = PrimerProyectoUITests;
			productName = PrimerProyectoUITests;
			productReference = DDA3AF5E207398830095FB55 /* PrimerProyectoUITests.xctest */;
			productType = "com.apple.product-type.bundle.ui-testing";
		};
/* End PBXNativeTarget section */

/* Begin PBXProject section */
		DDA3AF37207398830095FB55 /* Project object */ = {
			isa = PBXProject;
			attributes = {
				LastSwiftUpdateCheck = 0900;
				LastUpgradeCheck = 0900;
				ORGANIZATIONNAME = "IGNACIO OLAGORTA VERA";
				TargetAttributes = {
					DDA3AF3E207398830095FB55 = {
						CreatedOnToolsVersion = 9.0.1;
						ProvisioningStyle = Automatic;
					};
					DDA3AF52207398830095FB55 = {
						CreatedOnToolsVersion = 9.0.1;
						ProvisioningStyle = Automatic;
						TestTargetID = DDA3AF3E207398830095FB55;
					};
					DDA3AF5D207398830095FB55 = {
						CreatedOnToolsVersion = 9.0.1;
						ProvisioningStyle = Automatic;
						TestTargetID = DDA3AF3E207398830095FB55;
					};
				};
			};
			buildConfigurationList = DDA3AF3A207398830095FB55 /* Build configuration list for PBXProject "PrimerProyecto" */;
			compatibilityVersion = "Xcode 8.0";
			developmentRegion = en;
			hasScannedForEncodings = 0;
			knownRegions = (
				en,
				Base,
			);
			mainGroup = DDA3AF36207398830095FB55;
			productRefGroup = DDA3AF40207398830095FB55 /* Products */;
			projectDirPath = "";
			projectReferences = (
				{
					ProductGroup = DD0BC358208F54090011602C /* Products */;
					ProjectRef = DD0BC357208F54090011602C /* Pods.xcodeproj */;
				},
			);
			projectRoot = "";
			targets = (
				DDA3AF3E207398830095FB55 /* PrimerProyecto */,
				DDA3AF52207398830095FB55 /* PrimerProyectoTests */,
				DDA3AF5D207398830095FB55 /* PrimerProyectoUITests */,
			);
		};
/* End PBXProject section */

/* Begin PBXReferenceProxy section */
		DD0BC369208F540A0011602C /* openssl.framework */ = {
			isa = PBXReferenceProxy;
			fileType = wrapper.framework;
			path = openssl.framework;
			remoteRef = DD0BC368208F540A0011602C /* PBXContainerItemProxy */;
			sourceTree = BUILT_PRODUCTS_DIR;
		};
		DD0BC36B208F540A0011602C /* GoogleToolboxForMac.framework */ = {
			isa = PBXReferenceProxy;
			fileType = wrapper.framework;
			path = GoogleToolboxForMac.framework;
			remoteRef = DD0BC36A208F540A0011602C /* PBXContainerItemProxy */;
			sourceTree = BUILT_PRODUCTS_DIR;
		};
		DD0BC36D208F540A0011602C /* GRPCClient.framework */ = {
			isa = PBXReferenceProxy;
			fileType = wrapper.framework;
			path = GRPCClient.framework;
			remoteRef = DD0BC36C208F540A0011602C /* PBXContainerItemProxy */;
			sourceTree = BUILT_PRODUCTS_DIR;
		};
		DD0BC36F208F540A0011602C /* grpc.framework */ = {
			isa = PBXReferenceProxy;
			fileType = wrapper.framework;
			path = grpc.framework;
			remoteRef = DD0BC36E208F540A0011602C /* PBXContainerItemProxy */;
			sourceTree = BUILT_PRODUCTS_DIR;
		};
		DD0BC371208F540A0011602C /* gRPCCertificates.bundle */ = {
			isa = PBXReferenceProxy;
			fileType = wrapper.cfbundle;
			path = gRPCCertificates.bundle;
			remoteRef = DD0BC370208F540A0011602C /* PBXContainerItemProxy */;
			sourceTree = BUILT_PRODUCTS_DIR;
		};
		DD0BC373208F540A0011602C /* ProtoRPC.framework */ = {
			isa = PBXReferenceProxy;
			fileType = wrapper.framework;
			path = ProtoRPC.framework;
			remoteRef = DD0BC372208F540A0011602C /* PBXContainerItemProxy */;
			sourceTree = BUILT_PRODUCTS_DIR;
		};
		DD0BC375208F540A0011602C /* RxLibrary.framework */ = {
			isa = PBXReferenceProxy;
			fileType = wrapper.framework;
			path = RxLibrary.framework;
			remoteRef = DD0BC374208F540A0011602C /* PBXContainerItemProxy */;
			sourceTree = BUILT_PRODUCTS_DIR;
		};
		DD0BC377208F540A0011602C /* GTMSessionFetcher.framework */ = {
			isa = PBXReferenceProxy;
			fileType = wrapper.framework;
			path = GTMSessionFetcher.framework;
			remoteRef = DD0BC376208F540A0011602C /* PBXContainerItemProxy */;
			sourceTree = BUILT_PRODUCTS_DIR;
		};
		DD0BC379208F540A0011602C /* leveldb.framework */ = {
			isa = PBXReferenceProxy;
			fileType = wrapper.framework;
			path = leveldb.framework;
			remoteRef = DD0BC378208F540A0011602C /* PBXContainerItemProxy */;
			sourceTree = BUILT_PRODUCTS_DIR;
		};
		DD0BC37B208F540A0011602C /* nanopb.framework */ = {
			isa = PBXReferenceProxy;
			fileType = wrapper.framework;
			path = nanopb.framework;
			remoteRef = DD0BC37A208F540A0011602C /* PBXContainerItemProxy */;
			sourceTree = BUILT_PRODUCTS_DIR;
		};
		DD0BC37D208F540A0011602C /* Pods_PrimerProyecto.framework */ = {
			isa = PBXReferenceProxy;
			fileType = wrapper.framework;
			path = Pods_PrimerProyecto.framework;
			remoteRef = DD0BC37C208F540A0011602C /* PBXContainerItemProxy */;
			sourceTree = BUILT_PRODUCTS_DIR;
		};
		DD0BC37F208F540A0011602C /* Pods_PrimerProyectoTests.framework */ = {
			isa = PBXReferenceProxy;
			fileType = wrapper.framework;
			path = Pods_PrimerProyectoTests.framework;
			remoteRef = DD0BC37E208F540A0011602C /* PBXContainerItemProxy */;
			sourceTree = BUILT_PRODUCTS_DIR;
		};
		DD0BC381208F540A0011602C /* Pods_PrimerProyectoUITests.framework */ = {
			isa = PBXReferenceProxy;
			fileType = wrapper.framework;
			path = Pods_PrimerProyectoUITests.framework;
			remoteRef = DD0BC380208F540A0011602C /* PBXContainerItemProxy */;
			sourceTree = BUILT_PRODUCTS_DIR;
		};
		DD0BC383208F540A0011602C /* Protobuf.framework */ = {
			isa = PBXReferenceProxy;
			fileType = wrapper.framework;
			path = Protobuf.framework;
			remoteRef = DD0BC382208F540A0011602C /* PBXContainerItemProxy */;
			sourceTree = BUILT_PRODUCTS_DIR;
		};
/* End PBXReferenceProxy section */

/* Begin PBXResourcesBuildPhase section */
		DDA3AF3D207398830095FB55 /* Resources */ = {
			isa = PBXResourcesBuildPhase;
			buildActionMask = 2147483647;
			files = (
				DDA3AF4D207398830095FB55 /* LaunchScreen.storyboard in Resources */,
				DD65878E207CDBC60087E9A4 /* GoogleService-Info.plist in Resources */,
				DDA3AF4A207398830095FB55 /* Assets.xcassets in Resources */,
				DDA3AF48207398830095FB55 /* Main.storyboard in Resources */,
			);
			runOnlyForDeploymentPostprocessing = 0;
		};
		DDA3AF51207398830095FB55 /* Resources */ = {
			isa = PBXResourcesBuildPhase;
			buildActionMask = 2147483647;
			files = (
			);
			runOnlyForDeploymentPostprocessing = 0;
		};
		DDA3AF5C207398830095FB55 /* Resources */ = {
			isa = PBXResourcesBuildPhase;
			buildActionMask = 2147483647;
			files = (
			);
			runOnlyForDeploymentPostprocessing = 0;
		};
/* End PBXResourcesBuildPhase section */

/* Begin PBXShellScriptBuildPhase section */
		11CAEE2C309A239A034766E4 /* [CP] Check Pods Manifest.lock */ = {
			isa = PBXShellScriptBuildPhase;
			buildActionMask = 2147483647;
			files = (
			);
			inputPaths = (
				"${PODS_PODFILE_DIR_PATH}/Podfile.lock",
				"${PODS_ROOT}/Manifest.lock",
			);
			name = "[CP] Check Pods Manifest.lock";
			outputPaths = (
				"$(DERIVED_FILE_DIR)/Pods-PrimerProyectoUITests-checkManifestLockResult.txt",
			);
			runOnlyForDeploymentPostprocessing = 0;
			shellPath = /bin/sh;
			shellScript = "diff \"${PODS_PODFILE_DIR_PATH}/Podfile.lock\" \"${PODS_ROOT}/Manifest.lock\" > /dev/null\nif [ $? != 0 ] ; then\n    # print error to STDERR\n    echo \"error: The sandbox is not in sync with the Podfile.lock. Run 'pod install' or update your CocoaPods installation.\" >&2\n    exit 1\nfi\n# This output is used by Xcode 'outputs' to avoid re-running this script phase.\necho \"SUCCESS\" > \"${SCRIPT_OUTPUT_FILE_0}\"\n";
			showEnvVarsInLog = 0;
		};
		1DEB86D1BA736FDA116DA980 /* [CP] Copy Pods Resources */ = {
			isa = PBXShellScriptBuildPhase;
			buildActionMask = 2147483647;
			files = (
			);
			inputPaths = (
			);
			name = "[CP] Copy Pods Resources";
			outputPaths = (
			);
			runOnlyForDeploymentPostprocessing = 0;
			shellPath = /bin/sh;
			shellScript = "\"${SRCROOT}/Pods/Target Support Files/Pods-PrimerProyecto/Pods-PrimerProyecto-resources.sh\"\n";
			showEnvVarsInLog = 0;
		};
		35560D31A912C38B4AF5F403 /* [CP] Embed Pods Frameworks */ = {
			isa = PBXShellScriptBuildPhase;
			buildActionMask = 2147483647;
			files = (
			);
			inputPaths = (
			);
			name = "[CP] Embed Pods Frameworks";
			outputPaths = (
			);
			runOnlyForDeploymentPostprocessing = 0;
			shellPath = /bin/sh;
			shellScript = "\"${SRCROOT}/Pods/Target Support Files/Pods-PrimerProyectoUITests/Pods-PrimerProyectoUITests-frameworks.sh\"\n";
			showEnvVarsInLog = 0;
		};
		7DD99E2B09CA7D7BC43A4F1F /* [CP] Copy Pods Resources */ = {
			isa = PBXShellScriptBuildPhase;
			buildActionMask = 2147483647;
			files = (
			);
			inputPaths = (
			);
			name = "[CP] Copy Pods Resources";
			outputPaths = (
			);
			runOnlyForDeploymentPostprocessing = 0;
			shellPath = /bin/sh;
			shellScript = "\"${SRCROOT}/Pods/Target Support Files/Pods-PrimerProyectoTests/Pods-PrimerProyectoTests-resources.sh\"\n";
			showEnvVarsInLog = 0;
		};
		8097D88E29BFA22449BF4A17 /* [CP] Embed Pods Frameworks */ = {
			isa = PBXShellScriptBuildPhase;
			buildActionMask = 2147483647;
			files = (
			);
			inputPaths = (
				"${SRCROOT}/Pods/Target Support Files/Pods-PrimerProyecto/Pods-PrimerProyecto-frameworks.sh",
				"${BUILT_PRODUCTS_DIR}/BoringSSL/openssl.framework",
				"${BUILT_PRODUCTS_DIR}/GTMSessionFetcher/GTMSessionFetcher.framework",
				"${BUILT_PRODUCTS_DIR}/GoogleToolboxForMac/GoogleToolboxForMac.framework",
				"${BUILT_PRODUCTS_DIR}/Protobuf/Protobuf.framework",
				"${BUILT_PRODUCTS_DIR}/gRPC/GRPCClient.framework",
				"${BUILT_PRODUCTS_DIR}/gRPC-Core/grpc.framework",
				"${BUILT_PRODUCTS_DIR}/gRPC-ProtoRPC/ProtoRPC.framework",
				"${BUILT_PRODUCTS_DIR}/gRPC-RxLibrary/RxLibrary.framework",
				"${BUILT_PRODUCTS_DIR}/leveldb-library/leveldb.framework",
				"${BUILT_PRODUCTS_DIR}/nanopb/nanopb.framework",
			);
			name = "[CP] Embed Pods Frameworks";
			outputPaths = (
				"${TARGET_BUILD_DIR}/${FRAMEWORKS_FOLDER_PATH}/openssl.framework",
				"${TARGET_BUILD_DIR}/${FRAMEWORKS_FOLDER_PATH}/GTMSessionFetcher.framework",
				"${TARGET_BUILD_DIR}/${FRAMEWORKS_FOLDER_PATH}/GoogleToolboxForMac.framework",
				"${TARGET_BUILD_DIR}/${FRAMEWORKS_FOLDER_PATH}/Protobuf.framework",
				"${TARGET_BUILD_DIR}/${FRAMEWORKS_FOLDER_PATH}/GRPCClient.framework",
				"${TARGET_BUILD_DIR}/${FRAMEWORKS_FOLDER_PATH}/grpc.framework",
				"${TARGET_BUILD_DIR}/${FRAMEWORKS_FOLDER_PATH}/ProtoRPC.framework",
				"${TARGET_BUILD_DIR}/${FRAMEWORKS_FOLDER_PATH}/RxLibrary.framework",
				"${TARGET_BUILD_DIR}/${FRAMEWORKS_FOLDER_PATH}/leveldb.framework",
				"${TARGET_BUILD_DIR}/${FRAMEWORKS_FOLDER_PATH}/nanopb.framework",
			);
			runOnlyForDeploymentPostprocessing = 0;
			shellPath = /bin/sh;
			shellScript = "\"${SRCROOT}/Pods/Target Support Files/Pods-PrimerProyecto/Pods-PrimerProyecto-frameworks.sh\"\n";
			showEnvVarsInLog = 0;
		};
		9BCD1AEE3DEF847D5D1F4C62 /* [CP] Check Pods Manifest.lock */ = {
			isa = PBXShellScriptBuildPhase;
			buildActionMask = 2147483647;
			files = (
			);
			inputPaths = (
				"${PODS_PODFILE_DIR_PATH}/Podfile.lock",
				"${PODS_ROOT}/Manifest.lock",
			);
			name = "[CP] Check Pods Manifest.lock";
			outputPaths = (
				"$(DERIVED_FILE_DIR)/Pods-PrimerProyectoTests-checkManifestLockResult.txt",
			);
			runOnlyForDeploymentPostprocessing = 0;
			shellPath = /bin/sh;
			shellScript = "diff \"${PODS_PODFILE_DIR_PATH}/Podfile.lock\" \"${PODS_ROOT}/Manifest.lock\" > /dev/null\nif [ $? != 0 ] ; then\n    # print error to STDERR\n    echo \"error: The sandbox is not in sync with the Podfile.lock. Run 'pod install' or update your CocoaPods installation.\" >&2\n    exit 1\nfi\n# This output is used by Xcode 'outputs' to avoid re-running this script phase.\necho \"SUCCESS\" > \"${SCRIPT_OUTPUT_FILE_0}\"\n";
			showEnvVarsInLog = 0;
		};
		A2BDE9DFAEC097E7A7D91918 /* [CP] Embed Pods Frameworks */ = {
			isa = PBXShellScriptBuildPhase;
			buildActionMask = 2147483647;
			files = (
			);
			inputPaths = (
			);
			name = "[CP] Embed Pods Frameworks";
			outputPaths = (
			);
			runOnlyForDeploymentPostprocessing = 0;
			shellPath = /bin/sh;
			shellScript = "\"${SRCROOT}/Pods/Target Support Files/Pods-PrimerProyectoTests/Pods-PrimerProyectoTests-frameworks.sh\"\n";
			showEnvVarsInLog = 0;
		};
		AADCD1782AF5B57E9C83F289 /* [CP] Check Pods Manifest.lock */ = {
			isa = PBXShellScriptBuildPhase;
			buildActionMask = 2147483647;
			files = (
			);
			inputPaths = (
				"${PODS_PODFILE_DIR_PATH}/Podfile.lock",
				"${PODS_ROOT}/Manifest.lock",
			);
			name = "[CP] Check Pods Manifest.lock";
			outputPaths = (
				"$(DERIVED_FILE_DIR)/Pods-PrimerProyecto-checkManifestLockResult.txt",
			);
			runOnlyForDeploymentPostprocessing = 0;
			shellPath = /bin/sh;
			shellScript = "diff \"${PODS_PODFILE_DIR_PATH}/Podfile.lock\" \"${PODS_ROOT}/Manifest.lock\" > /dev/null\nif [ $? != 0 ] ; then\n    # print error to STDERR\n    echo \"error: The sandbox is not in sync with the Podfile.lock. Run 'pod install' or update your CocoaPods installation.\" >&2\n    exit 1\nfi\n# This output is used by Xcode 'outputs' to avoid re-running this script phase.\necho \"SUCCESS\" > \"${SCRIPT_OUTPUT_FILE_0}\"\n";
			showEnvVarsInLog = 0;
		};
		ECB7543B36E99AFDF36A82E0 /* [CP] Copy Pods Resources */ = {
			isa = PBXShellScriptBuildPhase;
			buildActionMask = 2147483647;
			files = (
			);
			inputPaths = (
			);
			name = "[CP] Copy Pods Resources";
			outputPaths = (
			);
			runOnlyForDeploymentPostprocessing = 0;
			shellPath = /bin/sh;
			shellScript = "\"${SRCROOT}/Pods/Target Support Files/Pods-PrimerProyectoUITests/Pods-PrimerProyectoUITests-resources.sh\"\n";
			showEnvVarsInLog = 0;
		};
/* End PBXShellScriptBuildPhase section */

/* Begin PBXSourcesBuildPhase section */
		DDA3AF3B207398830095FB55 /* Sources */ = {
			isa = PBXSourcesBuildPhase;
			buildActionMask = 2147483647;
			files = (
				DD0479A820765014005F3168 /* MiCelda2.swift in Sources */,
				DD2780B12088957B001B7A9D /* VCMapa.swift in Sources */,
				DD0479A2207647F6005F3168 /* VCCollectionViewController.swift in Sources */,
				DDA3AF45207398830095FB55 /* ViewController.swift in Sources */,
				DD00D22A207F892E0044F54C /* Perfil.swift in Sources */,
				DD658790207CE1AF0087E9A4 /* DataHolder.swift in Sources */,
				DDA3AF712073ACDA0095FB55 /* VCRegister.swift in Sources */,
				DD605E6D2088B531005D24CD /* City.swift in Sources */,
				DDA3AF43207398830095FB55 /* AppDelegate.swift in Sources */,
				DD0479A020764088005F3168 /* MiCelda1.swift in Sources */,
				DD85773A207523B500F72713 /* VCPrincipal.swift in Sources */,
			);
			runOnlyForDeploymentPostprocessing = 0;
		};
		DDA3AF4F207398830095FB55 /* Sources */ = {
			isa = PBXSourcesBuildPhase;
			buildActionMask = 2147483647;
			files = (
				DDA3AF58207398830095FB55 /* PrimerProyectoTests.swift in Sources */,
			);
			runOnlyForDeploymentPostprocessing = 0;
		};
		DDA3AF5A207398830095FB55 /* Sources */ = {
			isa = PBXSourcesBuildPhase;
			buildActionMask = 2147483647;
			files = (
				DDA3AF63207398830095FB55 /* PrimerProyectoUITests.swift in Sources */,
			);
			runOnlyForDeploymentPostprocessing = 0;
		};
/* End PBXSourcesBuildPhase section */

/* Begin PBXTargetDependency section */
		DDA3AF55207398830095FB55 /* PBXTargetDependency */ = {
			isa = PBXTargetDependency;
			target = DDA3AF3E207398830095FB55 /* PrimerProyecto */;
			targetProxy = DDA3AF54207398830095FB55 /* PBXContainerItemProxy */;
		};
		DDA3AF60207398830095FB55 /* PBXTargetDependency */ = {
			isa = PBXTargetDependency;
			target = DDA3AF3E207398830095FB55 /* PrimerProyecto */;
			targetProxy = DDA3AF5F207398830095FB55 /* PBXContainerItemProxy */;
		};
/* End PBXTargetDependency section */

/* Begin PBXVariantGroup section */
		DDA3AF46207398830095FB55 /* Main.storyboard */ = {
			isa = PBXVariantGroup;
			children = (
				DDA3AF47207398830095FB55 /* Base */,
			);
			name = Main.storyboard;
			sourceTree = "<group>";
		};
		DDA3AF4B207398830095FB55 /* LaunchScreen.storyboard */ = {
			isa = PBXVariantGroup;
			children = (
				DDA3AF4C207398830095FB55 /* Base */,
			);
			name = LaunchScreen.storyboard;
			sourceTree = "<group>";
		};
/* End PBXVariantGroup section */

/* Begin XCBuildConfiguration section */
		DDA3AF65207398830095FB55 /* Debug */ = {
			isa = XCBuildConfiguration;
			buildSettings = {
				ALWAYS_SEARCH_USER_PATHS = NO;
				CLANG_ANALYZER_NONNULL = YES;
				CLANG_ANALYZER_NUMBER_OBJECT_CONVERSION = YES_AGGRESSIVE;
				CLANG_CXX_LANGUAGE_STANDARD = "gnu++14";
				CLANG_CXX_LIBRARY = "libc++";
				CLANG_ENABLE_MODULES = YES;
				CLANG_ENABLE_OBJC_ARC = YES;
				CLANG_WARN_BLOCK_CAPTURE_AUTORELEASING = YES;
				CLANG_WARN_BOOL_CONVERSION = YES;
				CLANG_WARN_COMMA = YES;
				CLANG_WARN_CONSTANT_CONVERSION = YES;
				CLANG_WARN_DIRECT_OBJC_ISA_USAGE = YES_ERROR;
				CLANG_WARN_DOCUMENTATION_COMMENTS = YES;
				CLANG_WARN_EMPTY_BODY = YES;
				CLANG_WARN_ENUM_CONVERSION = YES;
				CLANG_WARN_INFINITE_RECURSION = YES;
				CLANG_WARN_INT_CONVERSION = YES;
				CLANG_WARN_NON_LITERAL_NULL_CONVERSION = YES;
				CLANG_WARN_OBJC_LITERAL_CONVERSION = YES;
				CLANG_WARN_OBJC_ROOT_CLASS = YES_ERROR;
				CLANG_WARN_RANGE_LOOP_ANALYSIS = YES;
				CLANG_WARN_STRICT_PROTOTYPES = YES;
				CLANG_WARN_SUSPICIOUS_MOVE = YES;
				CLANG_WARN_UNGUARDED_AVAILABILITY = YES_AGGRESSIVE;
				CLANG_WARN_UNREACHABLE_CODE = YES;
				CLANG_WARN__DUPLICATE_METHOD_MATCH = YES;
				CODE_SIGN_IDENTITY = "iPhone Developer";
				COPY_PHASE_STRIP = NO;
				DEBUG_INFORMATION_FORMAT = dwarf;
				ENABLE_STRICT_OBJC_MSGSEND = YES;
				ENABLE_TESTABILITY = YES;
				GCC_C_LANGUAGE_STANDARD = gnu11;
				GCC_DYNAMIC_NO_PIC = NO;
				GCC_NO_COMMON_BLOCKS = YES;
				GCC_OPTIMIZATION_LEVEL = 0;
				GCC_PREPROCESSOR_DEFINITIONS = (
					"DEBUG=1",
					"$(inherited)",
				);
				GCC_WARN_64_TO_32_BIT_CONVERSION = YES;
				GCC_WARN_ABOUT_RETURN_TYPE = YES_ERROR;
				GCC_WARN_UNDECLARED_SELECTOR = YES;
				GCC_WARN_UNINITIALIZED_AUTOS = YES_AGGRESSIVE;
				GCC_WARN_UNUSED_FUNCTION = YES;
				GCC_WARN_UNUSED_VARIABLE = YES;
				IPHONEOS_DEPLOYMENT_TARGET = 11.0;
				MTL_ENABLE_DEBUG_INFO = YES;
				ONLY_ACTIVE_ARCH = YES;
				SDKROOT = iphoneos;
				SWIFT_ACTIVE_COMPILATION_CONDITIONS = DEBUG;
				SWIFT_OPTIMIZATION_LEVEL = "-Onone";
			};
			name = Debug;
		};
		DDA3AF66207398830095FB55 /* Release */ = {
			isa = XCBuildConfiguration;
			buildSettings = {
				ALWAYS_SEARCH_USER_PATHS = NO;
				CLANG_ANALYZER_NONNULL = YES;
				CLANG_ANALYZER_NUMBER_OBJECT_CONVERSION = YES_AGGRESSIVE;
				CLANG_CXX_LANGUAGE_STANDARD = "gnu++14";
				CLANG_CXX_LIBRARY = "libc++";
				CLANG_ENABLE_MODULES = YES;
				CLANG_ENABLE_OBJC_ARC = YES;
				CLANG_WARN_BLOCK_CAPTURE_AUTORELEASING = YES;
				CLANG_WARN_BOOL_CONVERSION = YES;
				CLANG_WARN_COMMA = YES;
				CLANG_WARN_CONSTANT_CONVERSION = YES;
				CLANG_WARN_DIRECT_OBJC_ISA_USAGE = YES_ERROR;
				CLANG_WARN_DOCUMENTATION_COMMENTS = YES;
				CLANG_WARN_EMPTY_BODY = YES;
				CLANG_WARN_ENUM_CONVERSION = YES;
				CLANG_WARN_INFINITE_RECURSION = YES;
				CLANG_WARN_INT_CONVERSION = YES;
				CLANG_WARN_NON_LITERAL_NULL_CONVERSION = YES;
				CLANG_WARN_OBJC_LITERAL_CONVERSION = YES;
				CLANG_WARN_OBJC_ROOT_CLASS = YES_ERROR;
				CLANG_WARN_RANGE_LOOP_ANALYSIS = YES;
				CLANG_WARN_STRICT_PROTOTYPES = YES;
				CLANG_WARN_SUSPICIOUS_MOVE = YES;
				CLANG_WARN_UNGUARDED_AVAILABILITY = YES_AGGRESSIVE;
				CLANG_WARN_UNREACHABLE_CODE = YES;
				CLANG_WARN__DUPLICATE_METHOD_MATCH = YES;
				CODE_SIGN_IDENTITY = "iPhone Developer";
				COPY_PHASE_STRIP = NO;
				DEBUG_INFORMATION_FORMAT = "dwarf-with-dsym";
				ENABLE_NS_ASSERTIONS = NO;
				ENABLE_STRICT_OBJC_MSGSEND = YES;
				GCC_C_LANGUAGE_STANDARD = gnu11;
				GCC_NO_COMMON_BLOCKS = YES;
				GCC_WARN_64_TO_32_BIT_CONVERSION = YES;
				GCC_WARN_ABOUT_RETURN_TYPE = YES_ERROR;
				GCC_WARN_UNDECLARED_SELECTOR = YES;
				GCC_WARN_UNINITIALIZED_AUTOS = YES_AGGRESSIVE;
				GCC_WARN_UNUSED_FUNCTION = YES;
				GCC_WARN_UNUSED_VARIABLE = YES;
				IPHONEOS_DEPLOYMENT_TARGET = 11.0;
				MTL_ENABLE_DEBUG_INFO = NO;
				SDKROOT = iphoneos;
				SWIFT_OPTIMIZATION_LEVEL = "-Owholemodule";
				VALIDATE_PRODUCT = YES;
			};
			name = Release;
		};
		DDA3AF68207398830095FB55 /* Debug */ = {
			isa = XCBuildConfiguration;
			baseConfigurationReference = 68C1443A5F9738FCBB0067F1 /* Pods-PrimerProyecto.debug.xcconfig */;
			buildSettings = {
				ASSETCATALOG_COMPILER_APPICON_NAME = AppIcon;
				CODE_SIGN_STYLE = Automatic;
				DEVELOPMENT_TEAM = X38738S689;
				INFOPLIST_FILE = PrimerProyecto/Info.plist;
				LD_RUNPATH_SEARCH_PATHS = "$(inherited) @executable_path/Frameworks";
				PRODUCT_BUNDLE_IDENTIFIER = nacho.PrimerProyecto;
				PRODUCT_NAME = "$(TARGET_NAME)";
				SWIFT_VERSION = 4.0;
				TARGETED_DEVICE_FAMILY = "1,2";
			};
			name = Debug;
		};
		DDA3AF69207398830095FB55 /* Release */ = {
			isa = XCBuildConfiguration;
			baseConfigurationReference = 9D6146126A39B51F5E827E26 /* Pods-PrimerProyecto.release.xcconfig */;
			buildSettings = {
				ASSETCATALOG_COMPILER_APPICON_NAME = AppIcon;
				CODE_SIGN_STYLE = Automatic;
				DEVELOPMENT_TEAM = X38738S689;
				INFOPLIST_FILE = PrimerProyecto/Info.plist;
				LD_RUNPATH_SEARCH_PATHS = "$(inherited) @executable_path/Frameworks";
				PRODUCT_BUNDLE_IDENTIFIER = nacho.PrimerProyecto;
				PRODUCT_NAME = "$(TARGET_NAME)";
				SWIFT_VERSION = 4.0;
				TARGETED_DEVICE_FAMILY = "1,2";
			};
			name = Release;
		};
		DDA3AF6B207398830095FB55 /* Debug */ = {
			isa = XCBuildConfiguration;
			baseConfigurationReference = 9AD8903A2E8ADCB6E6E44B98 /* Pods-PrimerProyectoTests.debug.xcconfig */;
			buildSettings = {
				ALWAYS_EMBED_SWIFT_STANDARD_LIBRARIES = YES;
				BUNDLE_LOADER = "$(TEST_HOST)";
				CODE_SIGN_STYLE = Automatic;
				DEVELOPMENT_TEAM = X38738S689;
				INFOPLIST_FILE = PrimerProyectoTests/Info.plist;
				LD_RUNPATH_SEARCH_PATHS = "$(inherited) @executable_path/Frameworks @loader_path/Frameworks";
				PRODUCT_BUNDLE_IDENTIFIER = nacho.PrimerProyectoTests;
				PRODUCT_NAME = "$(TARGET_NAME)";
				SWIFT_VERSION = 4.0;
				TARGETED_DEVICE_FAMILY = "1,2";
				TEST_HOST = "$(BUILT_PRODUCTS_DIR)/PrimerProyecto.app/PrimerProyecto";
			};
			name = Debug;
		};
		DDA3AF6C207398830095FB55 /* Release */ = {
			isa = XCBuildConfiguration;
			baseConfigurationReference = 7F19F3FD17E61017DF77501F /* Pods-PrimerProyectoTests.release.xcconfig */;
			buildSettings = {
				ALWAYS_EMBED_SWIFT_STANDARD_LIBRARIES = YES;
				BUNDLE_LOADER = "$(TEST_HOST)";
				CODE_SIGN_STYLE = Automatic;
				DEVELOPMENT_TEAM = X38738S689;
				INFOPLIST_FILE = PrimerProyectoTests/Info.plist;
				LD_RUNPATH_SEARCH_PATHS = "$(inherited) @executable_path/Frameworks @loader_path/Frameworks";
				PRODUCT_BUNDLE_IDENTIFIER = nacho.PrimerProyectoTests;
				PRODUCT_NAME = "$(TARGET_NAME)";
				SWIFT_VERSION = 4.0;
				TARGETED_DEVICE_FAMILY = "1,2";
				TEST_HOST = "$(BUILT_PRODUCTS_DIR)/PrimerProyecto.app/PrimerProyecto";
			};
			name = Release;
		};
		DDA3AF6E207398830095FB55 /* Debug */ = {
			isa = XCBuildConfiguration;
			baseConfigurationReference = B53C936FF8AAF6EEF2134D10 /* Pods-PrimerProyectoUITests.debug.xcconfig */;
			buildSettings = {
				ALWAYS_EMBED_SWIFT_STANDARD_LIBRARIES = YES;
				CODE_SIGN_STYLE = Automatic;
				DEVELOPMENT_TEAM = X38738S689;
				INFOPLIST_FILE = PrimerProyectoUITests/Info.plist;
				LD_RUNPATH_SEARCH_PATHS = "$(inherited) @executable_path/Frameworks @loader_path/Frameworks";
				PRODUCT_BUNDLE_IDENTIFIER = nacho.PrimerProyectoUITests;
				PRODUCT_NAME = "$(TARGET_NAME)";
				SWIFT_VERSION = 4.0;
				TARGETED_DEVICE_FAMILY = "1,2";
				TEST_TARGET_NAME = PrimerProyecto;
			};
			name = Debug;
		};
		DDA3AF6F207398830095FB55 /* Release */ = {
			isa = XCBuildConfiguration;
			baseConfigurationReference = 06E29FAC247937CF31F34414 /* Pods-PrimerProyectoUITests.release.xcconfig */;
			buildSettings = {
				ALWAYS_EMBED_SWIFT_STANDARD_LIBRARIES = YES;
				CODE_SIGN_STYLE = Automatic;
				DEVELOPMENT_TEAM = X38738S689;
				INFOPLIST_FILE = PrimerProyectoUITests/Info.plist;
				LD_RUNPATH_SEARCH_PATHS = "$(inherited) @executable_path/Frameworks @loader_path/Frameworks";
				PRODUCT_BUNDLE_IDENTIFIER = nacho.PrimerProyectoUITests;
				PRODUCT_NAME = "$(TARGET_NAME)";
				SWIFT_VERSION = 4.0;
				TARGETED_DEVICE_FAMILY = "1,2";
				TEST_TARGET_NAME = PrimerProyecto;
			};
			name = Release;
		};
/* End XCBuildConfiguration section */

/* Begin XCConfigurationList section */
		DDA3AF3A207398830095FB55 /* Build configuration list for PBXProject "PrimerProyecto" */ = {
			isa = XCConfigurationList;
			buildConfigurations = (
				DDA3AF65207398830095FB55 /* Debug */,
				DDA3AF66207398830095FB55 /* Release */,
			);
			defaultConfigurationIsVisible = 0;
			defaultConfigurationName = Release;
		};
		DDA3AF67207398830095FB55 /* Build configuration list for PBXNativeTarget "PrimerProyecto" */ = {
			isa = XCConfigurationList;
			buildConfigurations = (
				DDA3AF68207398830095FB55 /* Debug */,
				DDA3AF69207398830095FB55 /* Release */,
			);
			defaultConfigurationIsVisible = 0;
			defaultConfigurationName = Release;
		};
		DDA3AF6A207398830095FB55 /* Build configuration list for PBXNativeTarget "PrimerProyectoTests" */ = {
			isa = XCConfigurationList;
			buildConfigurations = (
				DDA3AF6B207398830095FB55 /* Debug */,
				DDA3AF6C207398830095FB55 /* Release */,
			);
			defaultConfigurationIsVisible = 0;
			defaultConfigurationName = Release;
		};
		DDA3AF6D207398830095FB55 /* Build configuration list for PBXNativeTarget "PrimerProyectoUITests" */ = {
			isa = XCConfigurationList;
			buildConfigurations = (
				DDA3AF6E207398830095FB55 /* Debug */,
				DDA3AF6F207398830095FB55 /* Release */,
			);
			defaultConfigurationIsVisible = 0;
			defaultConfigurationName = Release;
		};
/* End XCConfigurationList section */
	};
	rootObject = DDA3AF37207398830095FB55 /* Project object */;
}
